
Microsoft Visual Studio Solution File, Format Version 12.00
# Visual Studio 15
VisualStudioVersion = 15.0.27703.2042
MinimumVisualStudioVersion = 10.0.40219.1
Project("{8BC9CEB8-8B4A-11D0-8D11-00A0C91BC942}") = "vs2017", "vs2017.vcxproj", "{F76F459B-8C8E-49D4-A29B-5D2FC689579E}"
EndProject
Project("{8BC9CEB8-8B4A-11D0-8D11-00A0C91BC942}") = "typesize", "typesize\typesize.vcxproj", "{A820F6AA-D564-43E1-86BC-16E886587596}"
EndProject
Project("{8BC9CEB8-8B4A-11D0-8D11-00A0C91BC942}") = "pipeio", "pipeio\pipeio.vcxproj", "{E3537355-BD0F-45AC-AB64-614A72AE5C09}"
EndProject
Project("{8BC9CEB8-8B4A-11D0-8D11-00A0C91BC942}") = "pipeiochild", "pipeiochild\pipeiochild.vcxproj", "{6728F768-466A-4833-89C8-6DE992750017}"
EndProject
Project("{8BC9CEB8-8B4A-11D0-8D11-00A0C91BC942}") = "pipeclient", "pipeclient\pipeclient.vcxproj", "{6C665A80-7094-4A6A-AE78-67B3E57353AA}"
EndProject
Project("{8BC9CEB8-8B4A-11D0-8D11-00A0C91BC942}") = "pipeserver", "pipeserver\pipeserver.vcxproj", "{7989DA03-8F6C-4F29-A8F4-2F1C7F5FB8E9}"
EndProject
Project("{8BC9CEB8-8B4A-11D0-8D11-00A0C91BC942}") = "pipeserveroio", "pipeserveroio\pipeserveroio.vcxproj", "{AC7BC16D-0EC8-4BEF-8D73-D1EAB20F2178}"
EndProject
Project("{8BC9CEB8-8B4A-11D0-8D11-00A0C91BC942}") = "pipeserverCR", "pipeserverCR\pipeserverCR.vcxproj", "{81F3ABE0-345D-4EDC-9C32-BF365082ACF7}"
EndProject
Global
	GlobalSection(SolutionConfigurationPlatforms) = preSolution
		Debug|x64 = Debug|x64
		Debug|x86 = Debug|x86
		Release|x64 = Release|x64
		Release|x86 = Release|x86
	EndGlobalSection
	GlobalSection(ProjectConfigurationPlatforms) = postSolution
		{F76F459B-8C8E-49D4-A29B-5D2FC689579E}.Debug|x64.ActiveCfg = Debug|x64
		{F76F459B-8C8E-49D4-A29B-5D2FC689579E}.Debug|x64.Build.0 = Debug|x64
		{F76F459B-8C8E-49D4-A29B-5D2FC689579E}.Debug|x86.ActiveCfg = Debug|Win32
		{F76F459B-8C8E-49D4-A29B-5D2FC689579E}.Debug|x86.Build.0 = Debug|Win32
		{F76F459B-8C8E-49D4-A29B-5D2FC689579E}.Release|x64.ActiveCfg = Release|x64
		{F76F459B-8C8E-49D4-A29B-5D2FC689579E}.Release|x64.Build.0 = Release|x64
		{F76F459B-8C8E-49D4-A29B-5D2FC689579E}.Release|x86.ActiveCfg = Release|Win32
		{F76F459B-8C8E-49D4-A29B-5D2FC689579E}.Release|x86.Build.0 = Release|Win32
		{A820F6AA-D564-43E1-86BC-16E886587596}.Debug|x64.ActiveCfg = Debug|x64
		{A820F6AA-D564-43E1-86BC-16E886587596}.Debug|x64.Build.0 = Debug|x64
		{A820F6AA-D564-43E1-86BC-16E886587596}.Debug|x86.ActiveCfg = Debug|Win32
		{A820F6AA-D564-43E1-86BC-16E886587596}.Debug|x86.Build.0 = Debug|Win32
		{A820F6AA-D564-43E1-86BC-16E886587596}.Release|x64.ActiveCfg = Release|x64
		{A820F6AA-D564-43E1-86BC-16E886587596}.Release|x64.Build.0 = Release|x64
		{A820F6AA-D564-43E1-86BC-16E886587596}.Release|x86.ActiveCfg = Release|Win32
		{A820F6AA-D564-43E1-86BC-16E886587596}.Release|x86.Build.0 = Release|Win32
		{E3537355-BD0F-45AC-AB64-614A72AE5C09}.Debug|x64.ActiveCfg = Debug|x64
		{E3537355-BD0F-45AC-AB64-614A72AE5C09}.Debug|x64.Build.0 = Debug|x64
		{E3537355-BD0F-45AC-AB64-614A72AE5C09}.Debug|x86.ActiveCfg = Debug|Win32
		{E3537355-BD0F-45AC-AB64-614A72AE5C09}.Debug|x86.Build.0 = Debug|Win32
		{E3537355-BD0F-45AC-AB64-614A72AE5C09}.Release|x64.ActiveCfg = Release|x64
		{E3537355-BD0F-45AC-AB64-614A72AE5C09}.Release|x64.Build.0 = Release|x64
		{E3537355-BD0F-45AC-AB64-614A72AE5C09}.Release|x86.ActiveCfg = Release|Win32
		{E3537355-BD0F-45AC-AB64-614A72AE5C09}.Release|x86.Build.0 = Release|Win32
		{6728F768-466A-4833-89C8-6DE992750017}.Debug|x64.ActiveCfg = Debug|x64
		{6728F768-466A-4833-89C8-6DE992750017}.Debug|x64.Build.0 = Debug|x64
		{6728F768-466A-4833-89C8-6DE992750017}.Debug|x86.ActiveCfg = Debug|Win32
		{6728F768-466A-4833-89C8-6DE992750017}.Debug|x86.Build.0 = Debug|Win32
		{6728F768-466A-4833-89C8-6DE992750017}.Release|x64.ActiveCfg = Release|x64
		{6728F768-466A-4833-89C8-6DE992750017}.Release|x64.Build.0 = Release|x64
		{6728F768-466A-4833-89C8-6DE992750017}.Release|x86.ActiveCfg = Release|Win32
		{6728F768-466A-4833-89C8-6DE992750017}.Release|x86.Build.0 = Release|Win32
		{6C665A80-7094-4A6A-AE78-67B3E57353AA}.Debug|x64.ActiveCfg = Debug|x64
		{6C665A80-7094-4A6A-AE78-67B3E57353AA}.Debug|x64.Build.0 = Debug|x64
		{6C665A80-7094-4A6A-AE78-67B3E57353AA}.Debug|x86.ActiveCfg = Debug|Win32
		{6C665A80-7094-4A6A-AE78-67B3E57353AA}.Debug|x86.Build.0 = Debug|Win32
		{6C665A80-7094-4A6A-AE78-67B3E57353AA}.Release|x64.ActiveCfg = Release|x64
		{6C665A80-7094-4A6A-AE78-67B3E57353AA}.Release|x64.Build.0 = Release|x64
		{6C665A80-7094-4A6A-AE78-67B3E57353AA}.Release|x86.ActiveCfg = Release|Win32
		{6C665A80-7094-4A6A-AE78-67B3E57353AA}.Release|x86.Build.0 = Release|Win32
		{7989DA03-8F6C-4F29-A8F4-2F1C7F5FB8E9}.Debug|x64.ActiveCfg = Debug|x64
		{7989DA03-8F6C-4F29-A8F4-2F1C7F5FB8E9}.Debug|x64.Build.0 = Debug|x64
		{7989DA03-8F6C-4F29-A8F4-2F1C7F5FB8E9}.Debug|x86.ActiveCfg = Debug|Win32
		{7989DA03-8F6C-4F29-A8F4-2F1C7F5FB8E9}.Debug|x86.Build.0 = Debug|Win32
		{7989DA03-8F6C-4F29-A8F4-2F1C7F5FB8E9}.Release|x64.ActiveCfg = Release|x64
		{7989DA03-8F6C-4F29-A8F4-2F1C7F5FB8E9}.Release|x64.Build.0 = Release|x64
		{7989DA03-8F6C-4F29-A8F4-2F1C7F5FB8E9}.Release|x86.ActiveCfg = Release|Win32
		{7989DA03-8F6C-4F29-A8F4-2F1C7F5FB8E9}.Release|x86.Build.0 = Release|Win32
		{AC7BC16D-0EC8-4BEF-8D73-D1EAB20F2178}.Debug|x64.ActiveCfg = Debug|x64
		{AC7BC16D-0EC8-4BEF-8D73-D1EAB20F2178}.Debug|x64.Build.0 = Debug|x64
		{AC7BC16D-0EC8-4BEF-8D73-D1EAB20F2178}.Debug|x86.ActiveCfg = Debug|Win32
		{AC7BC16D-0EC8-4BEF-8D73-D1EAB20F2178}.Debug|x86.Build.0 = Debug|Win32
		{AC7BC16D-0EC8-4BEF-8D73-D1EAB20F2178}.Release|x64.ActiveCfg = Release|x64
		{AC7BC16D-0EC8-4BEF-8D73-D1EAB20F2178}.Release|x64.Build.0 = Release|x64
		{AC7BC16D-0EC8-4BEF-8D73-D1EAB20F2178}.Release|x86.ActiveCfg = Release|Win32
		{AC7BC16D-0EC8-4BEF-8D73-D1EAB20F2178}.Release|x86.Build.0 = Release|Win32
		{81F3ABE0-345D-4EDC-9C32-BF365082ACF7}.Debug|x64.ActiveCfg = Debug|x64
		{81F3ABE0-345D-4EDC-9C32-BF365082ACF7}.Debug|x64.Build.0 = Debug|x64
		{81F3ABE0-345D-4EDC-9C32-BF365082ACF7}.Debug|x86.ActiveCfg = Debug|Win32
		{81F3ABE0-345D-4EDC-9C32-BF365082ACF7}.Debug|x86.Build.0 = Debug|Win32
		{81F3ABE0-345D-4EDC-9C32-BF365082ACF7}.Release|x64.ActiveCfg = Release|x64
		{81F3ABE0-345D-4EDC-9C32-BF365082ACF7}.Release|x64.Build.0 = Release|x64
		{81F3ABE0-345D-4EDC-9C32-BF365082ACF7}.Release|x86.ActiveCfg = Release|Win32
		{81F3ABE0-345D-4EDC-9C32-BF365082ACF7}.Release|x86.Build.0 = Release|Win32
	EndGlobalSection
	GlobalSection(SolutionProperties) = preSolution
		HideSolutionNode = FALSE
	EndGlobalSection
	GlobalSection(ExtensibilityGlobals) = postSolution
		SolutionGuid = {72BD5DB8-573C-402F-BFE9-335BE3900E01}
	EndGlobalSection
EndGlobal
